// !$*UTF8*$!
{
	archiveVersion = 1;
	classes = {
	};
	objectVersion = 56;
	objects = {

/* Begin PBXBuildFile section */
		8B1AC3FA2AB1D25200E5B271 /* DetailPageViewController.swift in Sources */ = {isa = PBXBuildFile; fileRef = 8B1AC3F92AB1D25200E5B271 /* DetailPageViewController.swift */; };
		8B1AC3FC2AB1D27600E5B271 /* DetailPageViewModel.swift in Sources */ = {isa = PBXBuildFile; fileRef = 8B1AC3FB2AB1D27600E5B271 /* DetailPageViewModel.swift */; };
		8B27E3522AAEFE15000C69E6 /* HomePageViewController.swift in Sources */ = {isa = PBXBuildFile; fileRef = 8B27E3512AAEFE15000C69E6 /* HomePageViewController.swift */; };
		8B27E3542AAEFE24000C69E6 /* HomePageViewModel.swift in Sources */ = {isa = PBXBuildFile; fileRef = 8B27E3532AAEFE24000C69E6 /* HomePageViewModel.swift */; };
		8B27E3572AAF29E4000C69E6 /* Network Layer.swift in Sources */ = {isa = PBXBuildFile; fileRef = 8B27E3562AAF29E4000C69E6 /* Network Layer.swift */; };
		8B27E3592AAF42B0000C69E6 /* SourceModel.swift in Sources */ = {isa = PBXBuildFile; fileRef = 8B27E3582AAF42B0000C69E6 /* SourceModel.swift */; };
		8B27E35B2AAF42E4000C69E6 /* Articles.swift in Sources */ = {isa = PBXBuildFile; fileRef = 8B27E35A2AAF42E4000C69E6 /* Articles.swift */; };
		8B27E35D2AAF434E000C69E6 /* News.swift in Sources */ = {isa = PBXBuildFile; fileRef = 8B27E35C2AAF434E000C69E6 /* News.swift */; };
		8B4C59EF2AB8425800BAAE34 /* RxSwift in Frameworks */ = {isa = PBXBuildFile; productRef = 8B4C59EE2AB8425800BAAE34 /* RxSwift */; };
		8B4C59F12AB8432000BAAE34 /* SavePageViewController.swift in Sources */ = {isa = PBXBuildFile; fileRef = 8B4C59F02AB8432000BAAE34 /* SavePageViewController.swift */; };
		8B4C59F62AB8438100BAAE34 /* SavePageViewModel.swift in Sources */ = {isa = PBXBuildFile; fileRef = 8B4C59F52AB8438100BAAE34 /* SavePageViewModel.swift */; };
		8B55A6952AB10A5E006796C9 /* HomePageTableViewCell.swift in Sources */ = {isa = PBXBuildFile; fileRef = 8B55A6942AB10A5E006796C9 /* HomePageTableViewCell.swift */; };
		8B568FF62AB77F4800CC04DF /* RegisterViewModel.swift in Sources */ = {isa = PBXBuildFile; fileRef = 8B568FF52AB77F4800CC04DF /* RegisterViewModel.swift */; };
		8B5690102AB7BADC00CC04DF /* Database Layer.swift in Sources */ = {isa = PBXBuildFile; fileRef = 8B56900F2AB7BADC00CC04DF /* Database Layer.swift */; };
		8B64720B2AB8AC6300FFF774 /* Model.xcdatamodeld in Sources */ = {isa = PBXBuildFile; fileRef = 8B6472092AB8AC6300FFF774 /* Model.xcdatamodeld */; };
		8B9A015E2AB5085500317C77 /* Firebase Auth .swift in Sources */ = {isa = PBXBuildFile; fileRef = 8B9A015D2AB5085500317C77 /* Firebase Auth .swift */; };
		8B9A01612AB50C7F00317C77 /* RegisterPageViewController.swift in Sources */ = {isa = PBXBuildFile; fileRef = 8B9A01602AB50C7F00317C77 /* RegisterPageViewController.swift */; };
		8BB2843F2AAF6B02006C8FF7 /* Alamofire in Frameworks */ = {isa = PBXBuildFile; productRef = 8BB2843E2AAF6B02006C8FF7 /* Alamofire */; };
		8BBD74912AB5C75000777A9D /* Alerts.swift in Sources */ = {isa = PBXBuildFile; fileRef = 8BBD74902AB5C75000777A9D /* Alerts.swift */; };
		8BEA83132AA8A11B00BEC145 /* AppDelegate.swift in Sources */ = {isa = PBXBuildFile; fileRef = 8BEA83122AA8A11B00BEC145 /* AppDelegate.swift */; };
		8BEA83152AA8A11B00BEC145 /* SceneDelegate.swift in Sources */ = {isa = PBXBuildFile; fileRef = 8BEA83142AA8A11B00BEC145 /* SceneDelegate.swift */; };
		8BEA83172AA8A11B00BEC145 /* OnboardingViewController.swift in Sources */ = {isa = PBXBuildFile; fileRef = 8BEA83162AA8A11B00BEC145 /* OnboardingViewController.swift */; };
		8BEA831A2AA8A11B00BEC145 /* Main.storyboard in Resources */ = {isa = PBXBuildFile; fileRef = 8BEA83182AA8A11B00BEC145 /* Main.storyboard */; };
		8BEA831C2AA8A11C00BEC145 /* Assets.xcassets in Resources */ = {isa = PBXBuildFile; fileRef = 8BEA831B2AA8A11C00BEC145 /* Assets.xcassets */; };
		8BEA831F2AA8A11C00BEC145 /* LaunchScreen.storyboard in Resources */ = {isa = PBXBuildFile; fileRef = 8BEA831D2AA8A11C00BEC145 /* LaunchScreen.storyboard */; };
		8BEA83282AA8C6DA00BEC145 /* UIView+Extensions.swift in Sources */ = {isa = PBXBuildFile; fileRef = 8BEA83272AA8C6DA00BEC145 /* UIView+Extensions.swift */; };
		8BEA832B2AA8C7F000BEC145 /* OnboardingSlide.swift in Sources */ = {isa = PBXBuildFile; fileRef = 8BEA832A2AA8C7F000BEC145 /* OnboardingSlide.swift */; };
		8BEA832D2AA8C9B000BEC145 /* OnboardingCollectionViewCell.swift in Sources */ = {isa = PBXBuildFile; fileRef = 8BEA832C2AA8C9AF00BEC145 /* OnboardingCollectionViewCell.swift */; };
		8BEA83352AA932D600BEC145 /* OnboardingViewModel.swift in Sources */ = {isa = PBXBuildFile; fileRef = 8BEA83342AA932D600BEC145 /* OnboardingViewModel.swift */; };
		8BF05BCD2AAB4BC50034BBDA /* LoginViewController.swift in Sources */ = {isa = PBXBuildFile; fileRef = 8BF05BCC2AAB4BC50034BBDA /* LoginViewController.swift */; };
		8BF05BCF2AAB4BD10034BBDA /* LoginViewModelController.swift in Sources */ = {isa = PBXBuildFile; fileRef = 8BF05BCE2AAB4BD10034BBDA /* LoginViewModelController.swift */; };
		8BF9F6132AB4989D00B613E8 /* GoogleService-Info.plist in Resources */ = {isa = PBXBuildFile; fileRef = 8BF9F6122AB4989D00B613E8 /* GoogleService-Info.plist */; };
		8BF9F6162AB49B7C00B613E8 /* FirebaseAuth in Frameworks */ = {isa = PBXBuildFile; productRef = 8BF9F6152AB49B7C00B613E8 /* FirebaseAuth */; };
/* End PBXBuildFile section */

/* Begin PBXFileReference section */
		8B1AC3F92AB1D25200E5B271 /* DetailPageViewController.swift */ = {isa = PBXFileReference; lastKnownFileType = sourcecode.swift; path = DetailPageViewController.swift; sourceTree = "<group>"; };
		8B1AC3FB2AB1D27600E5B271 /* DetailPageViewModel.swift */ = {isa = PBXFileReference; lastKnownFileType = sourcecode.swift; path = DetailPageViewModel.swift; sourceTree = "<group>"; };
		8B27E3512AAEFE15000C69E6 /* HomePageViewController.swift */ = {isa = PBXFileReference; lastKnownFileType = sourcecode.swift; path = HomePageViewController.swift; sourceTree = "<group>"; };
		8B27E3532AAEFE24000C69E6 /* HomePageViewModel.swift */ = {isa = PBXFileReference; lastKnownFileType = sourcecode.swift; path = HomePageViewModel.swift; sourceTree = "<group>"; };
		8B27E3562AAF29E4000C69E6 /* Network Layer.swift */ = {isa = PBXFileReference; lastKnownFileType = sourcecode.swift; path = "Network Layer.swift"; sourceTree = "<group>"; };
		8B27E3582AAF42B0000C69E6 /* SourceModel.swift */ = {isa = PBXFileReference; lastKnownFileType = sourcecode.swift; path = SourceModel.swift; sourceTree = "<group>"; };
		8B27E35A2AAF42E4000C69E6 /* Articles.swift */ = {isa = PBXFileReference; lastKnownFileType = sourcecode.swift; path = Articles.swift; sourceTree = "<group>"; };
		8B27E35C2AAF434E000C69E6 /* News.swift */ = {isa = PBXFileReference; lastKnownFileType = sourcecode.swift; path = News.swift; sourceTree = "<group>"; };
		8B4C59F02AB8432000BAAE34 /* SavePageViewController.swift */ = {isa = PBXFileReference; lastKnownFileType = sourcecode.swift; path = SavePageViewController.swift; sourceTree = "<group>"; };
		8B4C59F52AB8438100BAAE34 /* SavePageViewModel.swift */ = {isa = PBXFileReference; lastKnownFileType = sourcecode.swift; path = SavePageViewModel.swift; sourceTree = "<group>"; };
		8B55A6942AB10A5E006796C9 /* HomePageTableViewCell.swift */ = {isa = PBXFileReference; lastKnownFileType = sourcecode.swift; path = HomePageTableViewCell.swift; sourceTree = "<group>"; };
		8B568FF52AB77F4800CC04DF /* RegisterViewModel.swift */ = {isa = PBXFileReference; lastKnownFileType = sourcecode.swift; path = RegisterViewModel.swift; sourceTree = "<group>"; };
		8B56900F2AB7BADC00CC04DF /* Database Layer.swift */ = {isa = PBXFileReference; lastKnownFileType = sourcecode.swift; path = "Database Layer.swift"; sourceTree = "<group>"; };
		8B64720A2AB8AC6300FFF774 /* NewsModel.xcdatamodel */ = {isa = PBXFileReference; lastKnownFileType = wrapper.xcdatamodel; path = NewsModel.xcdatamodel; sourceTree = "<group>"; };
		8B9A015D2AB5085500317C77 /* Firebase Auth .swift */ = {isa = PBXFileReference; lastKnownFileType = sourcecode.swift; path = "Firebase Auth .swift"; sourceTree = "<group>"; };
		8B9A01602AB50C7F00317C77 /* RegisterPageViewController.swift */ = {isa = PBXFileReference; lastKnownFileType = sourcecode.swift; path = RegisterPageViewController.swift; sourceTree = "<group>"; };
		8BBD74902AB5C75000777A9D /* Alerts.swift */ = {isa = PBXFileReference; lastKnownFileType = sourcecode.swift; path = Alerts.swift; sourceTree = "<group>"; };
		8BEA830F2AA8A11B00BEC145 /* News App.app */ = {isa = PBXFileReference; explicitFileType = wrapper.application; includeInIndex = 0; path = "News App.app"; sourceTree = BUILT_PRODUCTS_DIR; };
		8BEA83122AA8A11B00BEC145 /* AppDelegate.swift */ = {isa = PBXFileReference; lastKnownFileType = sourcecode.swift; path = AppDelegate.swift; sourceTree = "<group>"; };
		8BEA83142AA8A11B00BEC145 /* SceneDelegate.swift */ = {isa = PBXFileReference; lastKnownFileType = sourcecode.swift; path = SceneDelegate.swift; sourceTree = "<group>"; };
		8BEA83162AA8A11B00BEC145 /* OnboardingViewController.swift */ = {isa = PBXFileReference; lastKnownFileType = sourcecode.swift; path = OnboardingViewController.swift; sourceTree = "<group>"; };
		8BEA83192AA8A11B00BEC145 /* Base */ = {isa = PBXFileReference; lastKnownFileType = file.storyboard; name = Base; path = Base.lproj/Main.storyboard; sourceTree = "<group>"; };
		8BEA831B2AA8A11C00BEC145 /* Assets.xcassets */ = {isa = PBXFileReference; lastKnownFileType = folder.assetcatalog; path = Assets.xcassets; sourceTree = "<group>"; };
		8BEA831E2AA8A11C00BEC145 /* Base */ = {isa = PBXFileReference; lastKnownFileType = file.storyboard; name = Base; path = Base.lproj/LaunchScreen.storyboard; sourceTree = "<group>"; };
		8BEA83202AA8A11C00BEC145 /* Info.plist */ = {isa = PBXFileReference; lastKnownFileType = text.plist.xml; path = Info.plist; sourceTree = "<group>"; };
		8BEA83272AA8C6DA00BEC145 /* UIView+Extensions.swift */ = {isa = PBXFileReference; lastKnownFileType = sourcecode.swift; path = "UIView+Extensions.swift"; sourceTree = "<group>"; };
		8BEA832A2AA8C7F000BEC145 /* OnboardingSlide.swift */ = {isa = PBXFileReference; lastKnownFileType = sourcecode.swift; path = OnboardingSlide.swift; sourceTree = "<group>"; };
		8BEA832C2AA8C9AF00BEC145 /* OnboardingCollectionViewCell.swift */ = {isa = PBXFileReference; lastKnownFileType = sourcecode.swift; path = OnboardingCollectionViewCell.swift; sourceTree = "<group>"; };
		8BEA83342AA932D600BEC145 /* OnboardingViewModel.swift */ = {isa = PBXFileReference; lastKnownFileType = sourcecode.swift; path = OnboardingViewModel.swift; sourceTree = "<group>"; };
		8BF05BCC2AAB4BC50034BBDA /* LoginViewController.swift */ = {isa = PBXFileReference; lastKnownFileType = sourcecode.swift; path = LoginViewController.swift; sourceTree = "<group>"; };
		8BF05BCE2AAB4BD10034BBDA /* LoginViewModelController.swift */ = {isa = PBXFileReference; lastKnownFileType = sourcecode.swift; path = LoginViewModelController.swift; sourceTree = "<group>"; };
		8BF9F6122AB4989D00B613E8 /* GoogleService-Info.plist */ = {isa = PBXFileReference; fileEncoding = 4; lastKnownFileType = text.plist.xml; path = "GoogleService-Info.plist"; sourceTree = "<group>"; };
/* End PBXFileReference section */

/* Begin PBXFrameworksBuildPhase section */
		8BEA830C2AA8A11B00BEC145 /* Frameworks */ = {
			isa = PBXFrameworksBuildPhase;
			buildActionMask = 2147483647;
			files = (
				8BB2843F2AAF6B02006C8FF7 /* Alamofire in Frameworks */,
				8B4C59EF2AB8425800BAAE34 /* RxSwift in Frameworks */,
				8BF9F6162AB49B7C00B613E8 /* FirebaseAuth in Frameworks */,
			);
			runOnlyForDeploymentPostprocessing = 0;
		};
/* End PBXFrameworksBuildPhase section */

/* Begin PBXGroup section */
		8B18DD4E2AAA8A68002D01F9 /* Onboarding */ = {
			isa = PBXGroup;
			children = (
				8B55A6922AB0FF80006796C9 /* View */,
				8B55A6912AB0FF52006796C9 /* ViewModel */,
			);
			path = Onboarding;
			sourceTree = "<group>";
		};
		8B1AC3F42AB1D1C800E5B271 /* ViewModel */ = {
			isa = PBXGroup;
			children = (
				8B27E3532AAEFE24000C69E6 /* HomePageViewModel.swift */,
			);
			path = ViewModel;
			sourceTree = "<group>";
		};
		8B1AC3F52AB1D1D500E5B271 /* View */ = {
			isa = PBXGroup;
			children = (
				8B27E3512AAEFE15000C69E6 /* HomePageViewController.swift */,
				8B55A6942AB10A5E006796C9 /* HomePageTableViewCell.swift */,
			);
			path = View;
			sourceTree = "<group>";
		};
		8B1AC3F62AB1D22800E5B271 /* Detail Page */ = {
			isa = PBXGroup;
			children = (
				8B1AC3F82AB1D23D00E5B271 /* View */,
				8B1AC3F72AB1D23300E5B271 /* ViewModel */,
			);
			path = "Detail Page";
			sourceTree = "<group>";
		};
		8B1AC3F72AB1D23300E5B271 /* ViewModel */ = {
			isa = PBXGroup;
			children = (
				8B1AC3FB2AB1D27600E5B271 /* DetailPageViewModel.swift */,
			);
			path = ViewModel;
			sourceTree = "<group>";
		};
		8B1AC3F82AB1D23D00E5B271 /* View */ = {
			isa = PBXGroup;
			children = (
				8B1AC3F92AB1D25200E5B271 /* DetailPageViewController.swift */,
			);
			path = View;
			sourceTree = "<group>";
		};
		8B27E3502AAEFDF5000C69E6 /* Home Page */ = {
			isa = PBXGroup;
			children = (
				8B1AC3F52AB1D1D500E5B271 /* View */,
				8B1AC3F42AB1D1C800E5B271 /* ViewModel */,
			);
			path = "Home Page";
			sourceTree = "<group>";
		};
		8B4C59F22AB8434400BAAE34 /* View */ = {
			isa = PBXGroup;
			children = (
				8B4C59F02AB8432000BAAE34 /* SavePageViewController.swift */,
			);
			path = View;
			sourceTree = "<group>";
		};
		8B4C59F72AB8438600BAAE34 /* ViewModel */ = {
			isa = PBXGroup;
			children = (
				8B4C59F52AB8438100BAAE34 /* SavePageViewModel.swift */,
			);
			path = ViewModel;
			sourceTree = "<group>";
		};
		8B55A6912AB0FF52006796C9 /* ViewModel */ = {
			isa = PBXGroup;
			children = (
				8BEA83342AA932D600BEC145 /* OnboardingViewModel.swift */,
			);
			path = ViewModel;
			sourceTree = "<group>";
		};
		8B55A6922AB0FF80006796C9 /* View */ = {
			isa = PBXGroup;
			children = (
				8BEA832C2AA8C9AF00BEC145 /* OnboardingCollectionViewCell.swift */,
				8BEA83162AA8A11B00BEC145 /* OnboardingViewController.swift */,
			);
			path = View;
			sourceTree = "<group>";
		};
		8B568FF72AB7814A00CC04DF /* ViewModel */ = {
			isa = PBXGroup;
			children = (
				8B568FF52AB77F4800CC04DF /* RegisterViewModel.swift */,
			);
			path = ViewModel;
			sourceTree = "<group>";
		};
		8B568FF82AB7815A00CC04DF /* ViewModel */ = {
			isa = PBXGroup;
			children = (
				8BF05BCE2AAB4BD10034BBDA /* LoginViewModelController.swift */,
			);
			path = ViewModel;
			sourceTree = "<group>";
		};
		8B568FF92AB7818400CC04DF /* View */ = {
			isa = PBXGroup;
			children = (
				8B9A01602AB50C7F00317C77 /* RegisterPageViewController.swift */,
			);
			path = View;
			sourceTree = "<group>";
		};
		8B568FFA2AB7819300CC04DF /* View */ = {
			isa = PBXGroup;
			children = (
				8BF05BCC2AAB4BC50034BBDA /* LoginViewController.swift */,
			);
			path = View;
			sourceTree = "<group>";
		};
		8B568FFB2AB7862800CC04DF /* Save Page */ = {
			isa = PBXGroup;
			children = (
				8B4C59F22AB8434400BAAE34 /* View */,
				8B4C59F72AB8438600BAAE34 /* ViewModel */,
			);
			path = "Save Page";
			sourceTree = "<group>";
		};
		8B9A015C2AB5081100317C77 /* Network */ = {
			isa = PBXGroup;
			children = (
				8B27E3562AAF29E4000C69E6 /* Network Layer.swift */,
				8B9A015D2AB5085500317C77 /* Firebase Auth .swift */,
				8B56900F2AB7BADC00CC04DF /* Database Layer.swift */,
			);
			path = Network;
			sourceTree = "<group>";
		};
		8B9A015F2AB50C6C00317C77 /* Register Page */ = {
			isa = PBXGroup;
			children = (
				8B568FF92AB7818400CC04DF /* View */,
				8B568FF72AB7814A00CC04DF /* ViewModel */,
			);
			path = "Register Page";
			sourceTree = "<group>";
		};
		8BB2843D2AAF6B02006C8FF7 /* Frameworks */ = {
			isa = PBXGroup;
			children = (
			);
			name = Frameworks;
			sourceTree = "<group>";
		};
		8BEA83062AA8A11B00BEC145 = {
			isa = PBXGroup;
			children = (
				8BEA83112AA8A11B00BEC145 /* News App */,
				8BEA83102AA8A11B00BEC145 /* Products */,
				8BB2843D2AAF6B02006C8FF7 /* Frameworks */,
			);
			sourceTree = "<group>";
		};
		8BEA83102AA8A11B00BEC145 /* Products */ = {
			isa = PBXGroup;
			children = (
				8BEA830F2AA8A11B00BEC145 /* News App.app */,
			);
			name = Products;
			sourceTree = "<group>";
		};
		8BEA83112AA8A11B00BEC145 /* News App */ = {
			isa = PBXGroup;
			children = (
				8B6472092AB8AC6300FFF774 /* Model.xcdatamodeld */,
				8B568FFB2AB7862800CC04DF /* Save Page */,
				8B9A015F2AB50C6C00317C77 /* Register Page */,
				8B9A015C2AB5081100317C77 /* Network */,
				8B1AC3F62AB1D22800E5B271 /* Detail Page */,
				8B27E3502AAEFDF5000C69E6 /* Home Page */,
				8BF05BCB2AAB4BAE0034BBDA /* Login Page */,
				8BEA83322AA932A200BEC145 /* data */,
				8BEA83262AA8C6C300BEC145 /* Extensions */,
				8B18DD4E2AAA8A68002D01F9 /* Onboarding */,
				8BEA83122AA8A11B00BEC145 /* AppDelegate.swift */,
				8BEA83142AA8A11B00BEC145 /* SceneDelegate.swift */,
				8BEA83182AA8A11B00BEC145 /* Main.storyboard */,
				8BEA831B2AA8A11C00BEC145 /* Assets.xcassets */,
				8BEA831D2AA8A11C00BEC145 /* LaunchScreen.storyboard */,
				8BEA83202AA8A11C00BEC145 /* Info.plist */,
				8BF9F6122AB4989D00B613E8 /* GoogleService-Info.plist */,
			);
			path = "News App";
			sourceTree = "<group>";
		};
		8BEA83262AA8C6C300BEC145 /* Extensions */ = {
			isa = PBXGroup;
			children = (
				8BEA83272AA8C6DA00BEC145 /* UIView+Extensions.swift */,
				8BBD74902AB5C75000777A9D /* Alerts.swift */,
			);
			path = Extensions;
			sourceTree = "<group>";
		};
		8BEA83322AA932A200BEC145 /* data */ = {
			isa = PBXGroup;
			children = (
				8BEA83332AA932A900BEC145 /* entity */,
			);
			path = data;
			sourceTree = "<group>";
		};
		8BEA83332AA932A900BEC145 /* entity */ = {
			isa = PBXGroup;
			children = (
				8BEA832A2AA8C7F000BEC145 /* OnboardingSlide.swift */,
				8B27E3582AAF42B0000C69E6 /* SourceModel.swift */,
				8B27E35A2AAF42E4000C69E6 /* Articles.swift */,
				8B27E35C2AAF434E000C69E6 /* News.swift */,
			);
			path = entity;
			sourceTree = "<group>";
		};
		8BF05BCB2AAB4BAE0034BBDA /* Login Page */ = {
			isa = PBXGroup;
			children = (
				8B568FFA2AB7819300CC04DF /* View */,
				8B568FF82AB7815A00CC04DF /* ViewModel */,
			);
			path = "Login Page";
			sourceTree = "<group>";
		};
/* End PBXGroup section */

/* Begin PBXNativeTarget section */
		8BEA830E2AA8A11B00BEC145 /* News App */ = {
			isa = PBXNativeTarget;
			buildConfigurationList = 8BEA83232AA8A11C00BEC145 /* Build configuration list for PBXNativeTarget "News App" */;
			buildPhases = (
				8BEA830B2AA8A11B00BEC145 /* Sources */,
				8BEA830C2AA8A11B00BEC145 /* Frameworks */,
				8BEA830D2AA8A11B00BEC145 /* Resources */,
			);
			buildRules = (
			);
			dependencies = (
			);
			name = "News App";
			packageProductDependencies = (
				8BB2843E2AAF6B02006C8FF7 /* Alamofire */,
				8BF9F6152AB49B7C00B613E8 /* FirebaseAuth */,
				8B4C59EE2AB8425800BAAE34 /* RxSwift */,
			);
			productName = "News App";
			productReference = 8BEA830F2AA8A11B00BEC145 /* News App.app */;
			productType = "com.apple.product-type.application";
		};
/* End PBXNativeTarget section */

/* Begin PBXProject section */
		8BEA83072AA8A11B00BEC145 /* Project object */ = {
			isa = PBXProject;
			attributes = {
				BuildIndependentTargetsInParallel = 1;
				LastSwiftUpdateCheck = 1420;
				LastUpgradeCheck = 1420;
				TargetAttributes = {
					8BEA830E2AA8A11B00BEC145 = {
						CreatedOnToolsVersion = 14.2;
						LastSwiftMigration = 1420;
					};
				};
			};
			buildConfigurationList = 8BEA830A2AA8A11B00BEC145 /* Build configuration list for PBXProject "News App" */;
			compatibilityVersion = "Xcode 14.0";
			developmentRegion = en;
			hasScannedForEncodings = 0;
			knownRegions = (
				en,
				Base,
			);
			mainGroup = 8BEA83062AA8A11B00BEC145;
			packageReferences = (
				8B27E3552AAEFEFF000C69E6 /* XCRemoteSwiftPackageReference "Alamofire" */,
				8BF9F6142AB49B7C00B613E8 /* XCRemoteSwiftPackageReference "firebase-ios-sdk" */,
				8B4C59ED2AB8425700BAAE34 /* XCRemoteSwiftPackageReference "RxSwift" */,
			);
			productRefGroup = 8BEA83102AA8A11B00BEC145 /* Products */;
			projectDirPath = "";
			projectRoot = "";
			targets = (
				8BEA830E2AA8A11B00BEC145 /* News App */,
			);
		};
/* End PBXProject section */

/* Begin PBXResourcesBuildPhase section */
		8BEA830D2AA8A11B00BEC145 /* Resources */ = {
			isa = PBXResourcesBuildPhase;
			buildActionMask = 2147483647;
			files = (
				8BEA831F2AA8A11C00BEC145 /* LaunchScreen.storyboard in Resources */,
				8BF9F6132AB4989D00B613E8 /* GoogleService-Info.plist in Resources */,
				8BEA831C2AA8A11C00BEC145 /* Assets.xcassets in Resources */,
				8BEA831A2AA8A11B00BEC145 /* Main.storyboard in Resources */,
			);
			runOnlyForDeploymentPostprocessing = 0;
		};
/* End PBXResourcesBuildPhase section */

/* Begin PBXSourcesBuildPhase section */
		8BEA830B2AA8A11B00BEC145 /* Sources */ = {
			isa = PBXSourcesBuildPhase;
			buildActionMask = 2147483647;
			files = (
				8BF05BCD2AAB4BC50034BBDA /* LoginViewController.swift in Sources */,
				8B5690102AB7BADC00CC04DF /* Database Layer.swift in Sources */,
				8B27E35B2AAF42E4000C69E6 /* Articles.swift in Sources */,
				8B1AC3FA2AB1D25200E5B271 /* DetailPageViewController.swift in Sources */,
				8B27E35D2AAF434E000C69E6 /* News.swift in Sources */,
				8B9A01612AB50C7F00317C77 /* RegisterPageViewController.swift in Sources */,
				8BEA832B2AA8C7F000BEC145 /* OnboardingSlide.swift in Sources */,
				8BEA83172AA8A11B00BEC145 /* OnboardingViewController.swift in Sources */,
				8B4C59F62AB8438100BAAE34 /* SavePageViewModel.swift in Sources */,
				8BEA83132AA8A11B00BEC145 /* AppDelegate.swift in Sources */,
				8BEA83282AA8C6DA00BEC145 /* UIView+Extensions.swift in Sources */,
				8B4C59F12AB8432000BAAE34 /* SavePageViewController.swift in Sources */,
				8BEA83152AA8A11B00BEC145 /* SceneDelegate.swift in Sources */,
				8BBD74912AB5C75000777A9D /* Alerts.swift in Sources */,
				8B27E3522AAEFE15000C69E6 /* HomePageViewController.swift in Sources */,
				8B27E3542AAEFE24000C69E6 /* HomePageViewModel.swift in Sources */,
				8B64720B2AB8AC6300FFF774 /* Model.xcdatamodeld in Sources */,
				8B9A015E2AB5085500317C77 /* Firebase Auth .swift in Sources */,
				8B27E3572AAF29E4000C69E6 /* Network Layer.swift in Sources */,
				8B568FF62AB77F4800CC04DF /* RegisterViewModel.swift in Sources */,
				8B1AC3FC2AB1D27600E5B271 /* DetailPageViewModel.swift in Sources */,
				8BEA83352AA932D600BEC145 /* OnboardingViewModel.swift in Sources */,
				8BF05BCF2AAB4BD10034BBDA /* LoginViewModelController.swift in Sources */,
				8B27E3592AAF42B0000C69E6 /* SourceModel.swift in Sources */,
				8BEA832D2AA8C9B000BEC145 /* OnboardingCollectionViewCell.swift in Sources */,
				8B55A6952AB10A5E006796C9 /* HomePageTableViewCell.swift in Sources */,
			);
			runOnlyForDeploymentPostprocessing = 0;
		};
/* End PBXSourcesBuildPhase section */

/* Begin PBXVariantGroup section */
		8BEA83182AA8A11B00BEC145 /* Main.storyboard */ = {
			isa = PBXVariantGroup;
			children = (
				8BEA83192AA8A11B00BEC145 /* Base */,
			);
			name = Main.storyboard;
			sourceTree = "<group>";
		};
		8BEA831D2AA8A11C00BEC145 /* LaunchScreen.storyboard */ = {
			isa = PBXVariantGroup;
			children = (
				8BEA831E2AA8A11C00BEC145 /* Base */,
			);
			name = LaunchScreen.storyboard;
			sourceTree = "<group>";
		};
/* End PBXVariantGroup section */

/* Begin XCBuildConfiguration section */
		8BEA83212AA8A11C00BEC145 /* Debug */ = {
			isa = XCBuildConfiguration;
			buildSettings = {
				ALWAYS_SEARCH_USER_PATHS = NO;
				CLANG_ANALYZER_NONNULL = YES;
				CLANG_ANALYZER_NUMBER_OBJECT_CONVERSION = YES_AGGRESSIVE;
				CLANG_CXX_LANGUAGE_STANDARD = "gnu++20";
				CLANG_ENABLE_MODULES = YES;
				CLANG_ENABLE_OBJC_ARC = YES;
				CLANG_ENABLE_OBJC_WEAK = YES;
				CLANG_WARN_BLOCK_CAPTURE_AUTORELEASING = YES;
				CLANG_WARN_BOOL_CONVERSION = YES;
				CLANG_WARN_COMMA = YES;
				CLANG_WARN_CONSTANT_CONVERSION = YES;
				CLANG_WARN_DEPRECATED_OBJC_IMPLEMENTATIONS = YES;
				CLANG_WARN_DIRECT_OBJC_ISA_USAGE = YES_ERROR;
				CLANG_WARN_DOCUMENTATION_COMMENTS = YES;
				CLANG_WARN_EMPTY_BODY = YES;
				CLANG_WARN_ENUM_CONVERSION = YES;
				CLANG_WARN_INFINITE_RECURSION = YES;
				CLANG_WARN_INT_CONVERSION = YES;
				CLANG_WARN_NON_LITERAL_NULL_CONVERSION = YES;
				CLANG_WARN_OBJC_IMPLICIT_RETAIN_SELF = YES;
				CLANG_WARN_OBJC_LITERAL_CONVERSION = YES;
				CLANG_WARN_OBJC_ROOT_CLASS = YES_ERROR;
				CLANG_WARN_QUOTED_INCLUDE_IN_FRAMEWORK_HEADER = YES;
				CLANG_WARN_RANGE_LOOP_ANALYSIS = YES;
				CLANG_WARN_STRICT_PROTOTYPES = YES;
				CLANG_WARN_SUSPICIOUS_MOVE = YES;
				CLANG_WARN_UNGUARDED_AVAILABILITY = YES_AGGRESSIVE;
				CLANG_WARN_UNREACHABLE_CODE = YES;
				CLANG_WARN__DUPLICATE_METHOD_MATCH = YES;
				COPY_PHASE_STRIP = NO;
				DEBUG_INFORMATION_FORMAT = dwarf;
				ENABLE_STRICT_OBJC_MSGSEND = YES;
				ENABLE_TESTABILITY = YES;
				GCC_C_LANGUAGE_STANDARD = gnu11;
				GCC_DYNAMIC_NO_PIC = NO;
				GCC_NO_COMMON_BLOCKS = YES;
				GCC_OPTIMIZATION_LEVEL = 0;
				GCC_PREPROCESSOR_DEFINITIONS = (
					"DEBUG=1",
					"$(inherited)",
				);
				GCC_WARN_64_TO_32_BIT_CONVERSION = YES;
				GCC_WARN_ABOUT_RETURN_TYPE = YES_ERROR;
				GCC_WARN_UNDECLARED_SELECTOR = YES;
				GCC_WARN_UNINITIALIZED_AUTOS = YES_AGGRESSIVE;
				GCC_WARN_UNUSED_FUNCTION = YES;
				GCC_WARN_UNUSED_VARIABLE = YES;
				IPHONEOS_DEPLOYMENT_TARGET = 16.2;
				MTL_ENABLE_DEBUG_INFO = INCLUDE_SOURCE;
				MTL_FAST_MATH = YES;
				ONLY_ACTIVE_ARCH = YES;
				SDKROOT = iphoneos;
				SWIFT_ACTIVE_COMPILATION_CONDITIONS = DEBUG;
				SWIFT_OPTIMIZATION_LEVEL = "-Onone";
			};
			name = Debug;
		};
		8BEA83222AA8A11C00BEC145 /* Release */ = {
			isa = XCBuildConfiguration;
			buildSettings = {
				ALWAYS_SEARCH_USER_PATHS = NO;
				CLANG_ANALYZER_NONNULL = YES;
				CLANG_ANALYZER_NUMBER_OBJECT_CONVERSION = YES_AGGRESSIVE;
				CLANG_CXX_LANGUAGE_STANDARD = "gnu++20";
				CLANG_ENABLE_MODULES = YES;
				CLANG_ENABLE_OBJC_ARC = YES;
				CLANG_ENABLE_OBJC_WEAK = YES;
				CLANG_WARN_BLOCK_CAPTURE_AUTORELEASING = YES;
				CLANG_WARN_BOOL_CONVERSION = YES;
				CLANG_WARN_COMMA = YES;
				CLANG_WARN_CONSTANT_CONVERSION = YES;
				CLANG_WARN_DEPRECATED_OBJC_IMPLEMENTATIONS = YES;
				CLANG_WARN_DIRECT_OBJC_ISA_USAGE = YES_ERROR;
				CLANG_WARN_DOCUMENTATION_COMMENTS = YES;
				CLANG_WARN_EMPTY_BODY = YES;
				CLANG_WARN_ENUM_CONVERSION = YES;
				CLANG_WARN_INFINITE_RECURSION = YES;
				CLANG_WARN_INT_CONVERSION = YES;
				CLANG_WARN_NON_LITERAL_NULL_CONVERSION = YES;
				CLANG_WARN_OBJC_IMPLICIT_RETAIN_SELF = YES;
				CLANG_WARN_OBJC_LITERAL_CONVERSION = YES;
				CLANG_WARN_OBJC_ROOT_CLASS = YES_ERROR;
				CLANG_WARN_QUOTED_INCLUDE_IN_FRAMEWORK_HEADER = YES;
				CLANG_WARN_RANGE_LOOP_ANALYSIS = YES;
				CLANG_WARN_STRICT_PROTOTYPES = YES;
				CLANG_WARN_SUSPICIOUS_MOVE = YES;
				CLANG_WARN_UNGUARDED_AVAILABILITY = YES_AGGRESSIVE;
				CLANG_WARN_UNREACHABLE_CODE = YES;
				CLANG_WARN__DUPLICATE_METHOD_MATCH = YES;
				COPY_PHASE_STRIP = NO;
				DEBUG_INFORMATION_FORMAT = "dwarf-with-dsym";
				ENABLE_NS_ASSERTIONS = NO;
				ENABLE_STRICT_OBJC_MSGSEND = YES;
				GCC_C_LANGUAGE_STANDARD = gnu11;
				GCC_NO_COMMON_BLOCKS = YES;
				GCC_WARN_64_TO_32_BIT_CONVERSION = YES;
				GCC_WARN_ABOUT_RETURN_TYPE = YES_ERROR;
				GCC_WARN_UNDECLARED_SELECTOR = YES;
				GCC_WARN_UNINITIALIZED_AUTOS = YES_AGGRESSIVE;
				GCC_WARN_UNUSED_FUNCTION = YES;
				GCC_WARN_UNUSED_VARIABLE = YES;
				IPHONEOS_DEPLOYMENT_TARGET = 16.2;
				MTL_ENABLE_DEBUG_INFO = NO;
				MTL_FAST_MATH = YES;
				SDKROOT = iphoneos;
				SWIFT_COMPILATION_MODE = wholemodule;
				SWIFT_OPTIMIZATION_LEVEL = "-O";
				VALIDATE_PRODUCT = YES;
			};
			name = Release;
		};
		8BEA83242AA8A11C00BEC145 /* Debug */ = {
			isa = XCBuildConfiguration;
			buildSettings = {
				ASSETCATALOG_COMPILER_APPICON_NAME = AppIcon;
				ASSETCATALOG_COMPILER_GLOBAL_ACCENT_COLOR_NAME = AccentColor;
				CLANG_ENABLE_MODULES = YES;
				CODE_SIGN_STYLE = Automatic;
				CURRENT_PROJECT_VERSION = 1;
				GENERATE_INFOPLIST_FILE = YES;
				INFOPLIST_FILE = "News App/Info.plist";
				INFOPLIST_KEY_UIApplicationSupportsIndirectInputEvents = YES;
				INFOPLIST_KEY_UILaunchStoryboardName = LaunchScreen;
				INFOPLIST_KEY_UIMainStoryboardFile = Main;
				INFOPLIST_KEY_UISupportedInterfaceOrientations_iPad = "UIInterfaceOrientationPortrait UIInterfaceOrientationPortraitUpsideDown UIInterfaceOrientationLandscapeLeft UIInterfaceOrientationLandscapeRight";
				INFOPLIST_KEY_UISupportedInterfaceOrientations_iPhone = "UIInterfaceOrientationPortrait UIInterfaceOrientationLandscapeLeft UIInterfaceOrientationLandscapeRight";
				LD_RUNPATH_SEARCH_PATHS = (
					"$(inherited)",
					"@executable_path/Frameworks",
				);
				MARKETING_VERSION = 1.0;
				PRODUCT_BUNDLE_IDENTIFIER = "com.info.News-App";
				PRODUCT_NAME = "$(TARGET_NAME)";
				SWIFT_EMIT_LOC_STRINGS = YES;
				SWIFT_OPTIMIZATION_LEVEL = "-Onone";
				SWIFT_VERSION = 5.0;
				TARGETED_DEVICE_FAMILY = "1,2";
			};
			name = Debug;
		};
		8BEA83252AA8A11C00BEC145 /* Release */ = {
			isa = XCBuildConfiguration;
			buildSettings = {
				ASSETCATALOG_COMPILER_APPICON_NAME = AppIcon;
				ASSETCATALOG_COMPILER_GLOBAL_ACCENT_COLOR_NAME = AccentColor;
				CLANG_ENABLE_MODULES = YES;
				CODE_SIGN_STYLE = Automatic;
				CURRENT_PROJECT_VERSION = 1;
				GENERATE_INFOPLIST_FILE = YES;
				INFOPLIST_FILE = "News App/Info.plist";
				INFOPLIST_KEY_UIApplicationSupportsIndirectInputEvents = YES;
				INFOPLIST_KEY_UILaunchStoryboardName = LaunchScreen;
				INFOPLIST_KEY_UIMainStoryboardFile = Main;
				INFOPLIST_KEY_UISupportedInterfaceOrientations_iPad = "UIInterfaceOrientationPortrait UIInterfaceOrientationPortraitUpsideDown UIInterfaceOrientationLandscapeLeft UIInterfaceOrientationLandscapeRight";
				INFOPLIST_KEY_UISupportedInterfaceOrientations_iPhone = "UIInterfaceOrientationPortrait UIInterfaceOrientationLandscapeLeft UIInterfaceOrientationLandscapeRight";
				LD_RUNPATH_SEARCH_PATHS = (
					"$(inherited)",
					"@executable_path/Frameworks",
				);
				MARKETING_VERSION = 1.0;
				PRODUCT_BUNDLE_IDENTIFIER = "com.info.News-App";
				PRODUCT_NAME = "$(TARGET_NAME)";
				SWIFT_EMIT_LOC_STRINGS = YES;
				SWIFT_VERSION = 5.0;
				TARGETED_DEVICE_FAMILY = "1,2";
			};
			name = Release;
		};
/* End XCBuildConfiguration section */

/* Begin XCConfigurationList section */
		8BEA830A2AA8A11B00BEC145 /* Build configuration list for PBXProject "News App" */ = {
			isa = XCConfigurationList;
			buildConfigurations = (
				8BEA83212AA8A11C00BEC145 /* Debug */,
				8BEA83222AA8A11C00BEC145 /* Release */,
			);
			defaultConfigurationIsVisible = 0;
			defaultConfigurationName = Release;
		};
		8BEA83232AA8A11C00BEC145 /* Build configuration list for PBXNativeTarget "News App" */ = {
			isa = XCConfigurationList;
			buildConfigurations = (
				8BEA83242AA8A11C00BEC145 /* Debug */,
				8BEA83252AA8A11C00BEC145 /* Release */,
			);
			defaultConfigurationIsVisible = 0;
			defaultConfigurationName = Release;
		};
/* End XCConfigurationList section */

/* Begin XCRemoteSwiftPackageReference section */
		8B27E3552AAEFEFF000C69E6 /* XCRemoteSwiftPackageReference "Alamofire" */ = {
			isa = XCRemoteSwiftPackageReference;
			repositoryURL = "https://github.com/Alamofire/Alamofire.git";
			requirement = {
				branch = master;
				kind = branch;
			};
		};
		8B4C59ED2AB8425700BAAE34 /* XCRemoteSwiftPackageReference "RxSwift" */ = {
			isa = XCRemoteSwiftPackageReference;
			repositoryURL = "https://github.com/ReactiveX/RxSwift";
			requirement = {
				branch = main;
				kind = branch;
			};
		};
		8BF9F6142AB49B7C00B613E8 /* XCRemoteSwiftPackageReference "firebase-ios-sdk" */ = {
			isa = XCRemoteSwiftPackageReference;
			repositoryURL = "https://github.com/firebase/firebase-ios-sdk";
			requirement = {
				kind = upToNextMajorVersion;
				minimumVersion = 9.0.0;
			};
		};
/* End XCRemoteSwiftPackageReference section */

/* Begin XCSwiftPackageProductDependency section */
		8B4C59EE2AB8425800BAAE34 /* RxSwift */ = {
			isa = XCSwiftPackageProductDependency;
			package = 8B4C59ED2AB8425700BAAE34 /* XCRemoteSwiftPackageReference "RxSwift" */;
			productName = RxSwift;
		};
		8BB2843E2AAF6B02006C8FF7 /* Alamofire */ = {
			isa = XCSwiftPackageProductDependency;
			package = 8B27E3552AAEFEFF000C69E6 /* XCRemoteSwiftPackageReference "Alamofire" */;
			productName = Alamofire;
		};
		8BF9F6152AB49B7C00B613E8 /* FirebaseAuth */ = {
			isa = XCSwiftPackageProductDependency;
			package = 8BF9F6142AB49B7C00B613E8 /* XCRemoteSwiftPackageReference "firebase-ios-sdk" */;
			productName = FirebaseAuth;
		};
/* End XCSwiftPackageProductDependency section */

/* Begin XCVersionGroup section */
		8B6472092AB8AC6300FFF774 /* Model.xcdatamodeld */ = {
			isa = XCVersionGroup;
			children = (
				8B64720A2AB8AC6300FFF774 /* NewsModel.xcdatamodel */,
			);
			currentVersion = 8B64720A2AB8AC6300FFF774 /* NewsModel.xcdatamodel */;
			path = Model.xcdatamodeld;
			sourceTree = "<group>";
			versionGroupType = wrapper.xcdatamodel;
		};
/* End XCVersionGroup section */
	};
	rootObject = 8BEA83072AA8A11B00BEC145 /* Project object */;
}
